Microsoft Visual Studio Solution File, Format Version 12.00
# Visual Studio 2012
Project("{FAE04EC0-301F-11D3-BF4B-00C04F79EFBC}") = "paracraft", "paracraft.csproj", "{D18B1345-ED17-41CA-944D-0719827BC9B3}"
EndProject
Global
	GlobalSection(SolutionConfigurationPlatforms) = preSolution
	Debug|Any CPU = Debug|Any CPU
	ExportDebug|Any CPU = ExportDebug|Any CPU
	ExportRelease|Any CPU = ExportRelease|Any CPU
	EndGlobalSection
	GlobalSection(ProjectConfigurationPlatforms) = postSolution
		{D18B1345-ED17-41CA-944D-0719827BC9B3}.Debug|Any CPU.ActiveCfg = Debug|Any CPU
		{D18B1345-ED17-41CA-944D-0719827BC9B3}.Debug|Any CPU.Build.0 = Debug|Any CPU
		{D18B1345-ED17-41CA-944D-0719827BC9B3}.ExportDebug|Any CPU.ActiveCfg = ExportDebug|Any CPU
		{D18B1345-ED17-41CA-944D-0719827BC9B3}.ExportDebug|Any CPU.Build.0 = ExportDebug|Any CPU
		{D18B1345-ED17-41CA-944D-0719827BC9B3}.ExportRelease|Any CPU.ActiveCfg = ExportRelease|Any CPU
		{D18B1345-ED17-41CA-944D-0719827BC9B3}.ExportRelease|Any CPU.Build.0 = ExportRelease|Any CPU
	EndGlobalSection
EndGlobal
